
Microsoft Visual Studio Solution File, Format Version 12.00
# Visual Studio Version 17
VisualStudioVersion = 17.4.33213.308
MinimumVisualStudioVersion = 10.0.40219.1
Project("{FAE04EC0-301F-11D3-BF4B-00C04F79EFBC}") = "WebAPIDemo", "WebAPIDemo\WebAPIDemo.csproj", "{FBB42C02-4C7B-4A33-903F-FE6F2A38F03E}"
EndProject
Global
	GlobalSection(SolutionConfigurationPlatforms) = preSolution
		Debug|Any CPU = Debug|Any CPU
		Release|Any CPU = Release|Any CPU
	EndGlobalSection
	GlobalSection(ProjectConfigurationPlatforms) = postSolution
		{FBB42C02-4C7B-4A33-903F-FE6F2A38F03E}.Debug|Any CPU.ActiveCfg = Debug|Any CPU
		{FBB42C02-4C7B-4A33-903F-FE6F2A38F03E}.Debug|Any CPU.Build.0 = Debug|Any CPU
		{FBB42C02-4C7B-4A33-903F-FE6F2A38F03E}.Release|Any CPU.ActiveCfg = Release|Any CPU
		{FBB42C02-4C7B-4A33-903F-FE6F2A38F03E}.Release|Any CPU.Build.0 = Release|Any CPU
	EndGlobalSection
	GlobalSection(SolutionProperties) = preSolution
		HideSolutionNode = FALSE
	EndGlobalSection
	GlobalSection(ExtensibilityGlobals) = postSolution
		SolutionGuid = {1879A158-C10F-4F92-AAB2-63E9F0F88FBA}
	EndGlobalSection
EndGlobal
